
Microsoft Visual Studio Solution File, Format Version 12.00
Project("{FAE04EC0-301F-11D3-BF4B-00C04F79EFBC}") = "HackerReader", "HackerReader\HackerReader.csproj", "{9AFD7FE9-F9F4-4BE2-84AA-4EB942C61209}"
EndProject
Project("{FAE04EC0-301F-11D3-BF4B-00C04F79EFBC}") = "HackerReader.Tests", "HackerReader.Tests\HackerReader.Tests.csproj", "{B59ECA26-EEAD-4DFC-8CD8-8B4CBC1DCF49}"
EndProject
Global
	GlobalSection(SolutionConfigurationPlatforms) = preSolution
		Debug|Any CPU = Debug|Any CPU
		Release|Any CPU = Release|Any CPU
	EndGlobalSection
	GlobalSection(ProjectConfigurationPlatforms) = postSolution
		{9AFD7FE9-F9F4-4BE2-84AA-4EB942C61209}.Debug|Any CPU.ActiveCfg = Debug|Any CPU
		{9AFD7FE9-F9F4-4BE2-84AA-4EB942C61209}.Debug|Any CPU.Build.0 = Debug|Any CPU
		{9AFD7FE9-F9F4-4BE2-84AA-4EB942C61209}.Release|Any CPU.ActiveCfg = Release|Any CPU
		{9AFD7FE9-F9F4-4BE2-84AA-4EB942C61209}.Release|Any CPU.Build.0 = Release|Any CPU
		{B59ECA26-EEAD-4DFC-8CD8-8B4CBC1DCF49}.Debug|Any CPU.ActiveCfg = Debug|Any CPU
		{B59ECA26-EEAD-4DFC-8CD8-8B4CBC1DCF49}.Debug|Any CPU.Build.0 = Debug|Any CPU
		{B59ECA26-EEAD-4DFC-8CD8-8B4CBC1DCF49}.Release|Any CPU.ActiveCfg = Release|Any CPU
		{B59ECA26-EEAD-4DFC-8CD8-8B4CBC1DCF49}.Release|Any CPU.Build.0 = Release|Any CPU
	EndGlobalSection
EndGlobal
